
Microsoft Visual Studio Solution File, Format Version 12.00
# Visual Studio Version 16
VisualStudioVersion = 16.0.30907.101
MinimumVisualStudioVersion = 10.0.40219.1
Project("{9A19103F-16F7-4668-BE54-9A1E7A4F7556}") = "GrpcServiceTest", "GrpcServiceTest\GrpcServiceTest.csproj", "{431F838C-232D-462F-902C-69F26C670ADA}"
EndProject
Project("{FAE04EC0-301F-11D3-BF4B-00C04F79EFBC}") = "GrpcClient", "GrpcClient\GrpcClient.csproj", "{DEBA33B4-C6D6-4BAF-8A31-B44620F9E626}"
EndProject
Global
	GlobalSection(SolutionConfigurationPlatforms) = preSolution
		Debug|Any CPU = Debug|Any CPU
		Release|Any CPU = Release|Any CPU
	EndGlobalSection
	GlobalSection(ProjectConfigurationPlatforms) = postSolution
		{431F838C-232D-462F-902C-69F26C670ADA}.Debug|Any CPU.ActiveCfg = Debug|Any CPU
		{431F838C-232D-462F-902C-69F26C670ADA}.Debug|Any CPU.Build.0 = Debug|Any CPU
		{431F838C-232D-462F-902C-69F26C670ADA}.Release|Any CPU.ActiveCfg = Release|Any CPU
		{431F838C-232D-462F-902C-69F26C670ADA}.Release|Any CPU.Build.0 = Release|Any CPU
		{DEBA33B4-C6D6-4BAF-8A31-B44620F9E626}.Debug|Any CPU.ActiveCfg = Debug|Any CPU
		{DEBA33B4-C6D6-4BAF-8A31-B44620F9E626}.Debug|Any CPU.Build.0 = Debug|Any CPU
		{DEBA33B4-C6D6-4BAF-8A31-B44620F9E626}.Release|Any CPU.ActiveCfg = Release|Any CPU
		{DEBA33B4-C6D6-4BAF-8A31-B44620F9E626}.Release|Any CPU.Build.0 = Release|Any CPU
	EndGlobalSection
	GlobalSection(SolutionProperties) = preSolution
		HideSolutionNode = FALSE
	EndGlobalSection
	GlobalSection(ExtensibilityGlobals) = postSolution
		SolutionGuid = {DC413A5B-42FC-4210-AE07-42F3FCFA8E26}
	EndGlobalSection
EndGlobal
